github.com/ebitengine/purego v0.8.3 h1:K+0AjQp63JEZTEMZiwsI9g0+hAMNohwUOtY0RPGexmc=
github.com/ebitengine/purego v0.8.3/go.mod h1:iIjxzd6CiRiOG0UyXP+V1+jWqUXVjPKLAI0mRfJZTmQ=
github.com/gorilla/websocket v1.5.3 h1:saDtZ6Pbx/0u+bgYQ3q96pZgCzfhKXGPqt7kZ72aNNg=
github.com/gorilla/websocket v1.5.3/go.mod h1:YR8l580nyteQvAITg2hZ9XVh4b55+EU/adAjf1fMHhE=
github.com/jupiterrider/purego-sdl3 v0.0.0-20251207102000-8bd199c0f033 h1:hdH5qAOAxtGyBQs5WukUsHZchRaZKub7lggvj1cUX3w=
github.com/jupiterrider/purego-sdl3 v0.0.0-20251207102000-8bd199c0f033/go.mod h1:pRSNvzaSfMxcVPHP5VKo5VF5SAFp78pPIGlBIoI8KBw=
